
Microsoft Visual Studio Solution File, Format Version 12.00
# Visual Studio Version 16
VisualStudioVersion = 16.0.29920.165
MinimumVisualStudioVersion = 10.0.40219.1
Project("{9A19103F-16F7-4668-BE54-9A1E7A4F7556}") = "OMA.WebAPI", "OMA.WebAPI\OMA.WebAPI.csproj", "{01DE1020-41C7-4B46-80B9-5A7EE48197C6}"
EndProject
Project("{9A19103F-16F7-4668-BE54-9A1E7A4F7556}") = "OMA.Model", "OMA.Model\OMA.Model.csproj", "{C10B3BC7-EA2B-4872-98D7-1FC54E813DAE}"
EndProject
Project("{FAE04EC0-301F-11D3-BF4B-00C04F79EFBC}") = "OMA.WebApp", "OMA.WebApp\OMA.WebApp.csproj", "{5C1BEE29-CF14-443E-8EF9-E17579DFDFED}"
EndProject
Global
	GlobalSection(SolutionConfigurationPlatforms) = preSolution
		Debug|Any CPU = Debug|Any CPU
		Release|Any CPU = Release|Any CPU
	EndGlobalSection
	GlobalSection(ProjectConfigurationPlatforms) = postSolution
		{01DE1020-41C7-4B46-80B9-5A7EE48197C6}.Debug|Any CPU.ActiveCfg = Debug|Any CPU
		{01DE1020-41C7-4B46-80B9-5A7EE48197C6}.Debug|Any CPU.Build.0 = Debug|Any CPU
		{01DE1020-41C7-4B46-80B9-5A7EE48197C6}.Release|Any CPU.ActiveCfg = Release|Any CPU
		{01DE1020-41C7-4B46-80B9-5A7EE48197C6}.Release|Any CPU.Build.0 = Release|Any CPU
		{C10B3BC7-EA2B-4872-98D7-1FC54E813DAE}.Debug|Any CPU.ActiveCfg = Debug|Any CPU
		{C10B3BC7-EA2B-4872-98D7-1FC54E813DAE}.Debug|Any CPU.Build.0 = Debug|Any CPU
		{C10B3BC7-EA2B-4872-98D7-1FC54E813DAE}.Release|Any CPU.ActiveCfg = Release|Any CPU
		{C10B3BC7-EA2B-4872-98D7-1FC54E813DAE}.Release|Any CPU.Build.0 = Release|Any CPU
		{5C1BEE29-CF14-443E-8EF9-E17579DFDFED}.Debug|Any CPU.ActiveCfg = Debug|Any CPU
		{5C1BEE29-CF14-443E-8EF9-E17579DFDFED}.Debug|Any CPU.Build.0 = Debug|Any CPU
		{5C1BEE29-CF14-443E-8EF9-E17579DFDFED}.Release|Any CPU.ActiveCfg = Release|Any CPU
		{5C1BEE29-CF14-443E-8EF9-E17579DFDFED}.Release|Any CPU.Build.0 = Release|Any CPU
	EndGlobalSection
	GlobalSection(SolutionProperties) = preSolution
		HideSolutionNode = FALSE
	EndGlobalSection
	GlobalSection(ExtensibilityGlobals) = postSolution
		SolutionGuid = {FD7D8692-4BBB-4E3C-8ACB-8C0C68DCAED9}
	EndGlobalSection
EndGlobal
